// !$*UTF8*$!
{
	archiveVersion = 1;
	classes = {
	};
	objectVersion = 50;
	objects = {

/* Begin PBXBuildFile section */
		B95F6BB6259373EF0098A0D5 /* AppDelegate.swift in Sources */ = {isa = PBXBuildFile; fileRef = B95F6BB5259373EF0098A0D5 /* AppDelegate.swift */; };
		B95F6BB8259373EF0098A0D5 /* SceneDelegate.swift in Sources */ = {isa = PBXBuildFile; fileRef = B95F6BB7259373EF0098A0D5 /* SceneDelegate.swift */; };
		B95F6BBA259373EF0098A0D5 /* ContentView.swift in Sources */ = {isa = PBXBuildFile; fileRef = B95F6BB9259373EF0098A0D5 /* ContentView.swift */; };
		B95F6BBC259373F00098A0D5 /* Assets.xcassets in Resources */ = {isa = PBXBuildFile; fileRef = B95F6BBB259373F00098A0D5 /* Assets.xcassets */; };
		B95F6BBF259373F00098A0D5 /* Preview Assets.xcassets in Resources */ = {isa = PBXBuildFile; fileRef = B95F6BBE259373F00098A0D5 /* Preview Assets.xcassets */; };
		B95F6BC2259373F00098A0D5 /* LaunchScreen.storyboard in Resources */ = {isa = PBXBuildFile; fileRef = B95F6BC0259373F00098A0D5 /* LaunchScreen.storyboard */; };
		B95F6BCD259373F00098A0D5 /* ContextMenuDemoTests.swift in Sources */ = {isa = PBXBuildFile; fileRef = B95F6BCC259373F00098A0D5 /* ContextMenuDemoTests.swift */; };
		B95F6BD8259373F00098A0D5 /* ContextMenuDemoUITests.swift in Sources */ = {isa = PBXBuildFile; fileRef = B95F6BD7259373F00098A0D5 /* ContextMenuDemoUITests.swift */; };
/* End PBXBuildFile section */

/* Begin PBXContainerItemProxy section */
		B95F6BC9259373F00098A0D5 /* PBXContainerItemProxy */ = {
			isa = PBXContainerItemProxy;
			containerPortal = B95F6BAA259373EF0098A0D5 /* Project object */;
			proxyType = 1;
			remoteGlobalIDString = B95F6BB1259373EF0098A0D5;
			remoteInfo = ContextMenuDemo;
		};
		B95F6BD4259373F00098A0D5 /* PBXContainerItemProxy */ = {
			isa = PBXContainerItemProxy;
			containerPortal = B95F6BAA259373EF0098A0D5 /* Project object */;
			proxyType = 1;
			remoteGlobalIDString = B95F6BB1259373EF0098A0D5;
			remoteInfo = ContextMenuDemo;
		};
/* End PBXContainerItemProxy section */

/* Begin PBXFileReference section */
		B95F6BB2259373EF0098A0D5 /* ContextMenuDemo.app */ = {isa = PBXFileReference; explicitFileType = wrapper.application; includeInIndex = 0; path = ContextMenuDemo.app; sourceTree = BUILT_PRODUCTS_DIR; };
		B95F6BB5259373EF0098A0D5 /* AppDelegate.swift */ = {isa = PBXFileReference; lastKnownFileType = sourcecode.swift; path = AppDelegate.swift; sourceTree = "<group>"; };
		B95F6BB7259373EF0098A0D5 /* SceneDelegate.swift */ = {isa = PBXFileReference; lastKnownFileType = sourcecode.swift; path = SceneDelegate.swift; sourceTree = "<group>"; };
		B95F6BB9259373EF0098A0D5 /* ContentView.swift */ = {isa = PBXFileReference; lastKnownFileType = sourcecode.swift; path = ContentView.swift; sourceTree = "<group>"; };
		B95F6BBB259373F00098A0D5 /* Assets.xcassets */ = {isa = PBXFileReference; lastKnownFileType = folder.assetcatalog; path = Assets.xcassets; sourceTree = "<group>"; };
		B95F6BBE259373F00098A0D5 /* Preview Assets.xcassets */ = {isa = PBXFileReference; lastKnownFileType = folder.assetcatalog; path = "Preview Assets.xcassets"; sourceTree = "<group>"; };
		B95F6BC1259373F00098A0D5 /* Base */ = {isa = PBXFileReference; lastKnownFileType = file.storyboard; name = Base; path = Base.lproj/LaunchScreen.storyboard; sourceTree = "<group>"; };
		B95F6BC3259373F00098A0D5 /* Info.plist */ = {isa = PBXFileReference; lastKnownFileType = text.plist.xml; path = Info.plist; sourceTree = "<group>"; };
		B95F6BC8259373F00098A0D5 /* ContextMenuDemoTests.xctest */ = {isa = PBXFileReference; explicitFileType = wrapper.cfbundle; includeInIndex = 0; path = ContextMenuDemoTests.xctest; sourceTree = BUILT_PRODUCTS_DIR; };
		B95F6BCC259373F00098A0D5 /* ContextMenuDemoTests.swift */ = {isa = PBXFileReference; lastKnownFileType = sourcecode.swift; path = ContextMenuDemoTests.swift; sourceTree = "<group>"; };
		B95F6BCE259373F00098A0D5 /* Info.plist */ = {isa = PBXFileReference; lastKnownFileType = text.plist.xml; path = Info.plist; sourceTree = "<group>"; };
		B95F6BD3259373F00098A0D5 /* ContextMenuDemoUITests.xctest */ = {isa = PBXFileReference; explicitFileType = wrapper.cfbundle; includeInIndex = 0; path = ContextMenuDemoUITests.xctest; sourceTree = BUILT_PRODUCTS_DIR; };
		B95F6BD7259373F00098A0D5 /* ContextMenuDemoUITests.swift */ = {isa = PBXFileReference; lastKnownFileType = sourcecode.swift; path = ContextMenuDemoUITests.swift; sourceTree = "<group>"; };
		B95F6BD9259373F00098A0D5 /* Info.plist */ = {isa = PBXFileReference; lastKnownFileType = text.plist.xml; path = Info.plist; sourceTree = "<group>"; };
/* End PBXFileReference section */

/* Begin PBXFrameworksBuildPhase section */
		B95F6BAF259373EF0098A0D5 /* Frameworks */ = {
			isa = PBXFrameworksBuildPhase;
			buildActionMask = 2147483647;
			files = (
			);
			runOnlyForDeploymentPostprocessing = 0;
		};
		B95F6BC5259373F00098A0D5 /* Frameworks */ = {
			isa = PBXFrameworksBuildPhase;
			buildActionMask = 2147483647;
			files = (
			);
			runOnlyForDeploymentPostprocessing = 0;
		};
		B95F6BD0259373F00098A0D5 /* Frameworks */ = {
			isa = PBXFrameworksBuildPhase;
			buildActionMask = 2147483647;
			files = (
			);
			runOnlyForDeploymentPostprocessing = 0;
		};
/* End PBXFrameworksBuildPhase section */

/* Begin PBXGroup section */
		B95F6BA9259373EF0098A0D5 = {
			isa = PBXGroup;
			children = (
				B95F6BB4259373EF0098A0D5 /* ContextMenuDemo */,
				B95F6BCB259373F00098A0D5 /* ContextMenuDemoTests */,
				B95F6BD6259373F00098A0D5 /* ContextMenuDemoUITests */,
				B95F6BB3259373EF0098A0D5 /* Products */,
			);
			sourceTree = "<group>";
		};
		B95F6BB3259373EF0098A0D5 /* Products */ = {
			isa = PBXGroup;
			children = (
				B95F6BB2259373EF0098A0D5 /* ContextMenuDemo.app */,
				B95F6BC8259373F00098A0D5 /* ContextMenuDemoTests.xctest */,
				B95F6BD3259373F00098A0D5 /* ContextMenuDemoUITests.xctest */,
			);
			name = Products;
			sourceTree = "<group>";
		};
		B95F6BB4259373EF0098A0D5 /* ContextMenuDemo */ = {
			isa = PBXGroup;
			children = (
				B95F6BB5259373EF0098A0D5 /* AppDelegate.swift */,
				B95F6BB7259373EF0098A0D5 /* SceneDelegate.swift */,
				B95F6BB9259373EF0098A0D5 /* ContentView.swift */,
				B95F6BBB259373F00098A0D5 /* Assets.xcassets */,
				B95F6BC0259373F00098A0D5 /* LaunchScreen.storyboard */,
				B95F6BC3259373F00098A0D5 /* Info.plist */,
				B95F6BBD259373F00098A0D5 /* Preview Content */,
			);
			path = ContextMenuDemo;
			sourceTree = "<group>";
		};
		B95F6BBD259373F00098A0D5 /* Preview Content */ = {
			isa = PBXGroup;
			children = (
				B95F6BBE259373F00098A0D5 /* Preview Assets.xcassets */,
			);
			path = "Preview Content";
			sourceTree = "<group>";
		};
		B95F6BCB259373F00098A0D5 /* ContextMenuDemoTests */ = {
			isa = PBXGroup;
			children = (
				B95F6BCC259373F00098A0D5 /* ContextMenuDemoTests.swift */,
				B95F6BCE259373F00098A0D5 /* Info.plist */,
			);
			path = ContextMenuDemoTests;
			sourceTree = "<group>";
		};
		B95F6BD6259373F00098A0D5 /* ContextMenuDemoUITests */ = {
			isa = PBXGroup;
			children = (
				B95F6BD7259373F00098A0D5 /* ContextMenuDemoUITests.swift */,
				B95F6BD9259373F00098A0D5 /* Info.plist */,
			);
			path = ContextMenuDemoUITests;
			sourceTree = "<group>";
		};
/* End PBXGroup section */

/* Begin PBXNativeTarget section */
		B95F6BB1259373EF0098A0D5 /* ContextMenuDemo */ = {
			isa = PBXNativeTarget;
			buildConfigurationList = B95F6BDC259373F00098A0D5 /* Build configuration list for PBXNativeTarget "ContextMenuDemo" */;
			buildPhases = (
				B95F6BAE259373EF0098A0D5 /* Sources */,
				B95F6BAF259373EF0098A0D5 /* Frameworks */,
				B95F6BB0259373EF0098A0D5 /* Resources */,
			);
			buildRules = (
			);
			dependencies = (
			);
			name = ContextMenuDemo;
			productName = ContextMenuDemo;
			productReference = B95F6BB2259373EF0098A0D5 /* ContextMenuDemo.app */;
			productType = "com.apple.product-type.application";
		};
		B95F6BC7259373F00098A0D5 /* ContextMenuDemoTests */ = {
			isa = PBXNativeTarget;
			buildConfigurationList = B95F6BDF259373F00098A0D5 /* Build configuration list for PBXNativeTarget "ContextMenuDemoTests" */;
			buildPhases = (
				B95F6BC4259373F00098A0D5 /* Sources */,
				B95F6BC5259373F00098A0D5 /* Frameworks */,
				B95F6BC6259373F00098A0D5 /* Resources */,
			);
			buildRules = (
			);
			dependencies = (
				B95F6BCA259373F00098A0D5 /* PBXTargetDependency */,
			);
			name = ContextMenuDemoTests;
			productName = ContextMenuDemoTests;
			productReference = B95F6BC8259373F00098A0D5 /* ContextMenuDemoTests.xctest */;
			productType = "com.apple.product-type.bundle.unit-test";
		};
		B95F6BD2259373F00098A0D5 /* ContextMenuDemoUITests */ = {
			isa = PBXNativeTarget;
			buildConfigurationList = B95F6BE2259373F00098A0D5 /* Build configuration list for PBXNativeTarget "ContextMenuDemoUITests" */;
			buildPhases = (
				B95F6BCF259373F00098A0D5 /* Sources */,
				B95F6BD0259373F00098A0D5 /* Frameworks */,
				B95F6BD1259373F00098A0D5 /* Resources */,
			);
			buildRules = (
			);
			dependencies = (
				B95F6BD5259373F00098A0D5 /* PBXTargetDependency */,
			);
			name = ContextMenuDemoUITests;
			productName = ContextMenuDemoUITests;
			productReference = B95F6BD3259373F00098A0D5 /* ContextMenuDemoUITests.xctest */;
			productType = "com.apple.product-type.bundle.ui-testing";
		};
/* End PBXNativeTarget section */

/* Begin PBXProject section */
		B95F6BAA259373EF0098A0D5 /* Project object */ = {
			isa = PBXProject;
			attributes = {
				LastSwiftUpdateCheck = 1220;
				LastUpgradeCheck = 1220;
				TargetAttributes = {
					B95F6BB1259373EF0098A0D5 = {
						CreatedOnToolsVersion = 12.2;
					};
					B95F6BC7259373F00098A0D5 = {
						CreatedOnToolsVersion = 12.2;
						TestTargetID = B95F6BB1259373EF0098A0D5;
					};
					B95F6BD2259373F00098A0D5 = {
						CreatedOnToolsVersion = 12.2;
						TestTargetID = B95F6BB1259373EF0098A0D5;
					};
				};
			};
			buildConfigurationList = B95F6BAD259373EF0098A0D5 /* Build configuration list for PBXProject "ContextMenuDemo" */;
			compatibilityVersion = "Xcode 9.3";
			developmentRegion = en;
			hasScannedForEncodings = 0;
			knownRegions = (
				en,
				Base,
			);
			mainGroup = B95F6BA9259373EF0098A0D5;
			productRefGroup = B95F6BB3259373EF0098A0D5 /* Products */;
			projectDirPath = "";
			projectRoot = "";
			targets = (
				B95F6BB1259373EF0098A0D5 /* ContextMenuDemo */,
				B95F6BC7259373F00098A0D5 /* ContextMenuDemoTests */,
				B95F6BD2259373F00098A0D5 /* ContextMenuDemoUITests */,
			);
		};
/* End PBXProject section */

/* Begin PBXResourcesBuildPhase section */
		B95F6BB0259373EF0098A0D5 /* Resources */ = {
			isa = PBXResourcesBuildPhase;
			buildActionMask = 2147483647;
			files = (
				B95F6BC2259373F00098A0D5 /* LaunchScreen.storyboard in Resources */,
				B95F6BBF259373F00098A0D5 /* Preview Assets.xcassets in Resources */,
				B95F6BBC259373F00098A0D5 /* Assets.xcassets in Resources */,
			);
			runOnlyForDeploymentPostprocessing = 0;
		};
		B95F6BC6259373F00098A0D5 /* Resources */ = {
			isa = PBXResourcesBuildPhase;
			buildActionMask = 2147483647;
			files = (
			);
			runOnlyForDeploymentPostprocessing = 0;
		};
		B95F6BD1259373F00098A0D5 /* Resources */ = {
			isa = PBXResourcesBuildPhase;
			buildActionMask = 2147483647;
			files = (
			);
			runOnlyForDeploymentPostprocessing = 0;
		};
/* End PBXResourcesBuildPhase section */

/* Begin PBXSourcesBuildPhase section */
		B95F6BAE259373EF0098A0D5 /* Sources */ = {
			isa = PBXSourcesBuildPhase;
			buildActionMask = 2147483647;
			files = (
				B95F6BB6259373EF0098A0D5 /* AppDelegate.swift in Sources */,
				B95F6BB8259373EF0098A0D5 /* SceneDelegate.swift in Sources */,
				B95F6BBA259373EF0098A0D5 /* ContentView.swift in Sources */,
			);
			runOnlyForDeploymentPostprocessing = 0;
		};
		B95F6BC4259373F00098A0D5 /* Sources */ = {
			isa = PBXSourcesBuildPhase;
			buildActionMask = 2147483647;
			files = (
				B95F6BCD259373F00098A0D5 /* ContextMenuDemoTests.swift in Sources */,
			);
			runOnlyForDeploymentPostprocessing = 0;
		};
		B95F6BCF259373F00098A0D5 /* Sources */ = {
			isa = PBXSourcesBuildPhase;
			buildActionMask = 2147483647;
			files = (
				B95F6BD8259373F00098A0D5 /* ContextMenuDemoUITests.swift in Sources */,
			);
			runOnlyForDeploymentPostprocessing = 0;
		};
/* End PBXSourcesBuildPhase section */

/* Begin PBXTargetDependency section */
		B95F6BCA259373F00098A0D5 /* PBXTargetDependency */ = {
			isa = PBXTargetDependency;
			target = B95F6BB1259373EF0098A0D5 /* ContextMenuDemo */;
			targetProxy = B95F6BC9259373F00098A0D5 /* PBXContainerItemProxy */;
		};
		B95F6BD5259373F00098A0D5 /* PBXTargetDependency */ = {
			isa = PBXTargetDependency;
			target = B95F6BB1259373EF0098A0D5 /* ContextMenuDemo */;
			targetProxy = B95F6BD4259373F00098A0D5 /* PBXContainerItemProxy */;
		};
/* End PBXTargetDependency section */

/* Begin PBXVariantGroup section */
		B95F6BC0259373F00098A0D5 /* LaunchScreen.storyboard */ = {
			isa = PBXVariantGroup;
			children = (
				B95F6BC1259373F00098A0D5 /* Base */,
			);
			name = LaunchScreen.storyboard;
			sourceTree = "<group>";
		};
/* End PBXVariantGroup section */

/* Begin XCBuildConfiguration section */
		B95F6BDA259373F00098A0D5 /* Debug */ = {
			isa = XCBuildConfiguration;
			buildSettings = {
				ALWAYS_SEARCH_USER_PATHS = NO;
				CLANG_ANALYZER_NONNULL = YES;
				CLANG_ANALYZER_NUMBER_OBJECT_CONVERSION = YES_AGGRESSIVE;
				CLANG_CXX_LANGUAGE_STANDARD = "gnu++14";
				CLANG_CXX_LIBRARY = "libc++";
				CLANG_ENABLE_MODULES = YES;
				CLANG_ENABLE_OBJC_ARC = YES;
				CLANG_ENABLE_OBJC_WEAK = YES;
				CLANG_WARN_BLOCK_CAPTURE_AUTORELEASING = YES;
				CLANG_WARN_BOOL_CONVERSION = YES;
				CLANG_WARN_COMMA = YES;
				CLANG_WARN_CONSTANT_CONVERSION = YES;
				CLANG_WARN_DEPRECATED_OBJC_IMPLEMENTATIONS = YES;
				CLANG_WARN_DIRECT_OBJC_ISA_USAGE = YES_ERROR;
				CLANG_WARN_DOCUMENTATION_COMMENTS = YES;
				CLANG_WARN_EMPTY_BODY = YES;
				CLANG_WARN_ENUM_CONVERSION = YES;
				CLANG_WARN_INFINITE_RECURSION = YES;
				CLANG_WARN_INT_CONVERSION = YES;
				CLANG_WARN_NON_LITERAL_NULL_CONVERSION = YES;
				CLANG_WARN_OBJC_IMPLICIT_RETAIN_SELF = YES;
				CLANG_WARN_OBJC_LITERAL_CONVERSION = YES;
				CLANG_WARN_OBJC_ROOT_CLASS = YES_ERROR;
				CLANG_WARN_QUOTED_INCLUDE_IN_FRAMEWORK_HEADER = YES;
				CLANG_WARN_RANGE_LOOP_ANALYSIS = YES;
				CLANG_WARN_STRICT_PROTOTYPES = YES;
				CLANG_WARN_SUSPICIOUS_MOVE = YES;
				CLANG_WARN_UNGUARDED_AVAILABILITY = YES_AGGRESSIVE;
				CLANG_WARN_UNREACHABLE_CODE = YES;
				CLANG_WARN__DUPLICATE_METHOD_MATCH = YES;
				COPY_PHASE_STRIP = NO;
				DEBUG_INFORMATION_FORMAT = dwarf;
				ENABLE_STRICT_OBJC_MSGSEND = YES;
				ENABLE_TESTABILITY = YES;
				GCC_C_LANGUAGE_STANDARD = gnu11;
				GCC_DYNAMIC_NO_PIC = NO;
				GCC_NO_COMMON_BLOCKS = YES;
				GCC_OPTIMIZATION_LEVEL = 0;
				GCC_PREPROCESSOR_DEFINITIONS = (
					"DEBUG=1",
					"$(inherited)",
				);
				GCC_WARN_64_TO_32_BIT_CONVERSION = YES;
				GCC_WARN_ABOUT_RETURN_TYPE = YES_ERROR;
				GCC_WARN_UNDECLARED_SELECTOR = YES;
				GCC_WARN_UNINITIALIZED_AUTOS = YES_AGGRESSIVE;
				GCC_WARN_UNUSED_FUNCTION = YES;
				GCC_WARN_UNUSED_VARIABLE = YES;
				IPHONEOS_DEPLOYMENT_TARGET = 14.2;
				MTL_ENABLE_DEBUG_INFO = INCLUDE_SOURCE;
				MTL_FAST_MATH = YES;
				ONLY_ACTIVE_ARCH = YES;
				SDKROOT = iphoneos;
				SWIFT_ACTIVE_COMPILATION_CONDITIONS = DEBUG;
				SWIFT_OPTIMIZATION_LEVEL = "-Onone";
			};
			name = Debug;
		};
		B95F6BDB259373F00098A0D5 /* Release */ = {
			isa = XCBuildConfiguration;
			buildSettings = {
				ALWAYS_SEARCH_USER_PATHS = NO;
				CLANG_ANALYZER_NONNULL = YES;
				CLANG_ANALYZER_NUMBER_OBJECT_CONVERSION = YES_AGGRESSIVE;
				CLANG_CXX_LANGUAGE_STANDARD = "gnu++14";
				CLANG_CXX_LIBRARY = "libc++";
				CLANG_ENABLE_MODULES = YES;
				CLANG_ENABLE_OBJC_ARC = YES;
				CLANG_ENABLE_OBJC_WEAK = YES;
				CLANG_WARN_BLOCK_CAPTURE_AUTORELEASING = YES;
				CLANG_WARN_BOOL_CONVERSION = YES;
				CLANG_WARN_COMMA = YES;
				CLANG_WARN_CONSTANT_CONVERSION = YES;
				CLANG_WARN_DEPRECATED_OBJC_IMPLEMENTATIONS = YES;
				CLANG_WARN_DIRECT_OBJC_ISA_USAGE = YES_ERROR;
				CLANG_WARN_DOCUMENTATION_COMMENTS = YES;
				CLANG_WARN_EMPTY_BODY = YES;
				CLANG_WARN_ENUM_CONVERSION = YES;
				CLANG_WARN_INFINITE_RECURSION = YES;
				CLANG_WARN_INT_CONVERSION = YES;
				CLANG_WARN_NON_LITERAL_NULL_CONVERSION = YES;
				CLANG_WARN_OBJC_IMPLICIT_RETAIN_SELF = YES;
				CLANG_WARN_OBJC_LITERAL_CONVERSION = YES;
				CLANG_WARN_OBJC_ROOT_CLASS = YES_ERROR;
				CLANG_WARN_QUOTED_INCLUDE_IN_FRAMEWORK_HEADER = YES;
				CLANG_WARN_RANGE_LOOP_ANALYSIS = YES;
				CLANG_WARN_STRICT_PROTOTYPES = YES;
				CLANG_WARN_SUSPICIOUS_MOVE = YES;
				CLANG_WARN_UNGUARDED_AVAILABILITY = YES_AGGRESSIVE;
				CLANG_WARN_UNREACHABLE_CODE = YES;
				CLANG_WARN__DUPLICATE_METHOD_MATCH = YES;
				COPY_PHASE_STRIP = NO;
				DEBUG_INFORMATION_FORMAT = "dwarf-with-dsym";
				ENABLE_NS_ASSERTIONS = NO;
				ENABLE_STRICT_OBJC_MSGSEND = YES;
				GCC_C_LANGUAGE_STANDARD = gnu11;
				GCC_NO_COMMON_BLOCKS = YES;
				GCC_WARN_64_TO_32_BIT_CONVERSION = YES;
				GCC_WARN_ABOUT_RETURN_TYPE = YES_ERROR;
				GCC_WARN_UNDECLARED_SELECTOR = YES;
				GCC_WARN_UNINITIALIZED_AUTOS = YES_AGGRESSIVE;
				GCC_WARN_UNUSED_FUNCTION = YES;
				GCC_WARN_UNUSED_VARIABLE = YES;
				IPHONEOS_DEPLOYMENT_TARGET = 14.2;
				MTL_ENABLE_DEBUG_INFO = NO;
				MTL_FAST_MATH = YES;
				SDKROOT = iphoneos;
				SWIFT_COMPILATION_MODE = wholemodule;
				SWIFT_OPTIMIZATION_LEVEL = "-O";
				VALIDATE_PRODUCT = YES;
			};
			name = Release;
		};
		B95F6BDD259373F00098A0D5 /* Debug */ = {
			isa = XCBuildConfiguration;
			buildSettings = {
				ASSETCATALOG_COMPILER_APPICON_NAME = AppIcon;
				ASSETCATALOG_COMPILER_GLOBAL_ACCENT_COLOR_NAME = AccentColor;
				CODE_SIGN_STYLE = Automatic;
				DEVELOPMENT_ASSET_PATHS = "\"ContextMenuDemo/Preview Content\"";
				ENABLE_PREVIEWS = YES;
				INFOPLIST_FILE = ContextMenuDemo/Info.plist;
				LD_RUNPATH_SEARCH_PATHS = (
					"$(inherited)",
					"@executable_path/Frameworks",
				);
				PRODUCT_BUNDLE_IDENTIFIER = com.jihwan.ContextMenuDemo;
				PRODUCT_NAME = "$(TARGET_NAME)";
				SWIFT_VERSION = 5.0;
				TARGETED_DEVICE_FAMILY = "1,2";
			};
			name = Debug;
		};
		B95F6BDE259373F00098A0D5 /* Release */ = {
			isa = XCBuildConfiguration;
			buildSettings = {
				ASSETCATALOG_COMPILER_APPICON_NAME = AppIcon;
				ASSETCATALOG_COMPILER_GLOBAL_ACCENT_COLOR_NAME = AccentColor;
				CODE_SIGN_STYLE = Automatic;
				DEVELOPMENT_ASSET_PATHS = "\"ContextMenuDemo/Preview Content\"";
				ENABLE_PREVIEWS = YES;
				INFOPLIST_FILE = ContextMenuDemo/Info.plist;
				LD_RUNPATH_SEARCH_PATHS = (
					"$(inherited)",
					"@executable_path/Frameworks",
				);
				PRODUCT_BUNDLE_IDENTIFIER = com.jihwan.ContextMenuDemo;
				PRODUCT_NAME = "$(TARGET_NAME)";
				SWIFT_VERSION = 5.0;
				TARGETED_DEVICE_FAMILY = "1,2";
			};
			name = Release;
		};
		B95F6BE0259373F00098A0D5 /* Debug */ = {
			isa = XCBuildConfiguration;
			buildSettings = {
				ALWAYS_EMBED_SWIFT_STANDARD_LIBRARIES = YES;
				BUNDLE_LOADER = "$(TEST_HOST)";
				CODE_SIGN_STYLE = Automatic;
				INFOPLIST_FILE = ContextMenuDemoTests/Info.plist;
				IPHONEOS_DEPLOYMENT_TARGET = 14.2;
				LD_RUNPATH_SEARCH_PATHS = (
					"$(inherited)",
					"@executable_path/Frameworks",
					"@loader_path/Frameworks",
				);
				PRODUCT_BUNDLE_IDENTIFIER = com.jihwan.ContextMenuDemoTests;
				PRODUCT_NAME = "$(TARGET_NAME)";
				SWIFT_VERSION = 5.0;
				TARGETED_DEVICE_FAMILY = "1,2";
				TEST_HOST = "$(BUILT_PRODUCTS_DIR)/ContextMenuDemo.app/ContextMenuDemo";
			};
			name = Debug;
		};
		B95F6BE1259373F00098A0D5 /* Release */ = {
			isa = XCBuildConfiguration;
			buildSettings = {
				ALWAYS_EMBED_SWIFT_STANDARD_LIBRARIES = YES;
				BUNDLE_LOADER = "$(TEST_HOST)";
				CODE_SIGN_STYLE = Automatic;
				INFOPLIST_FILE = ContextMenuDemoTests/Info.plist;
				IPHONEOS_DEPLOYMENT_TARGET = 14.2;
				LD_RUNPATH_SEARCH_PATHS = (
					"$(inherited)",
					"@executable_path/Frameworks",
					"@loader_path/Frameworks",
				);
				PRODUCT_BUNDLE_IDENTIFIER = com.jihwan.ContextMenuDemoTests;
				PRODUCT_NAME = "$(TARGET_NAME)";
				SWIFT_VERSION = 5.0;
				TARGETED_DEVICE_FAMILY = "1,2";
				TEST_HOST = "$(BUILT_PRODUCTS_DIR)/ContextMenuDemo.app/ContextMenuDemo";
			};
			name = Release;
		};
		B95F6BE3259373F00098A0D5 /* Debug */ = {
			isa = XCBuildConfiguration;
			buildSettings = {
				ALWAYS_EMBED_SWIFT_STANDARD_LIBRARIES = YES;
				CODE_SIGN_STYLE = Automatic;
				INFOPLIST_FILE = ContextMenuDemoUITests/Info.plist;
				LD_RUNPATH_SEARCH_PATHS = (
					"$(inherited)",
					"@executable_path/Frameworks",
					"@loader_path/Frameworks",
				);
				PRODUCT_BUNDLE_IDENTIFIER = com.jihwan.ContextMenuDemoUITests;
				PRODUCT_NAME = "$(TARGET_NAME)";
				SWIFT_VERSION = 5.0;
				TARGETED_DEVICE_FAMILY = "1,2";
				TEST_TARGET_NAME = ContextMenuDemo;
			};
			name = Debug;
		};
		B95F6BE4259373F00098A0D5 /* Release */ = {
			isa = XCBuildConfiguration;
			buildSettings = {
				ALWAYS_EMBED_SWIFT_STANDARD_LIBRARIES = YES;
				CODE_SIGN_STYLE = Automatic;
				INFOPLIST_FILE = ContextMenuDemoUITests/Info.plist;
				LD_RUNPATH_SEARCH_PATHS = (
					"$(inherited)",
					"@executable_path/Frameworks",
					"@loader_path/Frameworks",
				);
				PRODUCT_BUNDLE_IDENTIFIER = com.jihwan.ContextMenuDemoUITests;
				PRODUCT_NAME = "$(TARGET_NAME)";
				SWIFT_VERSION = 5.0;
				TARGETED_DEVICE_FAMILY = "1,2";
				TEST_TARGET_NAME = ContextMenuDemo;
			};
			name = Release;
		};
/* End XCBuildConfiguration section */

/* Begin XCConfigurationList section */
		B95F6BAD259373EF0098A0D5 /* Build configuration list for PBXProject "ContextMenuDemo" */ = {
			isa = XCConfigurationList;
			buildConfigurations = (
				B95F6BDA259373F00098A0D5 /* Debug */,
				B95F6BDB259373F00098A0D5 /* Release */,
			);
			defaultConfigurationIsVisible = 0;
			defaultConfigurationName = Release;
		};
		B95F6BDC259373F00098A0D5 /* Build configuration list for PBXNativeTarget "ContextMenuDemo" */ = {
			isa = XCConfigurationList;
			buildConfigurations = (
				B95F6BDD259373F00098A0D5 /* Debug */,
				B95F6BDE259373F00098A0D5 /* Release */,
			);
			defaultConfigurationIsVisible = 0;
			defaultConfigurationName = Release;
		};
		B95F6BDF259373F00098A0D5 /* Build configuration list for PBXNativeTarget "ContextMenuDemoTests" */ = {
			isa = XCConfigurationList;
			buildConfigurations = (
				B95F6BE0259373F00098A0D5 /* Debug */,
				B95F6BE1259373F00098A0D5 /* Release */,
			);
			defaultConfigurationIsVisible = 0;
			defaultConfigurationName = Release;
		};
		B95F6BE2259373F00098A0D5 /* Build configuration list for PBXNativeTarget "ContextMenuDemoUITests" */ = {
			isa = XCConfigurationList;
			buildConfigurations = (
				B95F6BE3259373F00098A0D5 /* Debug */,
				B95F6BE4259373F00098A0D5 /* Release */,
			);
			defaultConfigurationIsVisible = 0;
			defaultConfigurationName = Release;
		};
/* End XCConfigurationList section */
	};
	rootObject = B95F6BAA259373EF0098A0D5 /* Project object */;
}
