// !$*UTF8*$!
{
	archiveVersion = 1;
	classes = {
	};
	objectVersion = 50;
	objects = {

/* Begin PBXBuildFile section */
		B97569E7258F311300B96C28 /* AppDelegate.swift in Sources */ = {isa = PBXBuildFile; fileRef = B97569E6258F311300B96C28 /* AppDelegate.swift */; };
		B97569E9258F311300B96C28 /* SceneDelegate.swift in Sources */ = {isa = PBXBuildFile; fileRef = B97569E8258F311300B96C28 /* SceneDelegate.swift */; };
		B97569EB258F311300B96C28 /* ContentView.swift in Sources */ = {isa = PBXBuildFile; fileRef = B97569EA258F311300B96C28 /* ContentView.swift */; };
		B97569ED258F311500B96C28 /* Assets.xcassets in Resources */ = {isa = PBXBuildFile; fileRef = B97569EC258F311500B96C28 /* Assets.xcassets */; };
		B97569F0258F311500B96C28 /* Preview Assets.xcassets in Resources */ = {isa = PBXBuildFile; fileRef = B97569EF258F311500B96C28 /* Preview Assets.xcassets */; };
		B97569F3258F311500B96C28 /* LaunchScreen.storyboard in Resources */ = {isa = PBXBuildFile; fileRef = B97569F1258F311500B96C28 /* LaunchScreen.storyboard */; };
		B97569FE258F311500B96C28 /* SwiftContainerTests.swift in Sources */ = {isa = PBXBuildFile; fileRef = B97569FD258F311500B96C28 /* SwiftContainerTests.swift */; };
		B9756A09258F311500B96C28 /* SwiftContainerUITests.swift in Sources */ = {isa = PBXBuildFile; fileRef = B9756A08258F311500B96C28 /* SwiftContainerUITests.swift */; };
/* End PBXBuildFile section */

/* Begin PBXContainerItemProxy section */
		B97569FA258F311500B96C28 /* PBXContainerItemProxy */ = {
			isa = PBXContainerItemProxy;
			containerPortal = B97569DB258F311300B96C28 /* Project object */;
			proxyType = 1;
			remoteGlobalIDString = B97569E2258F311300B96C28;
			remoteInfo = SwiftContainer;
		};
		B9756A05258F311500B96C28 /* PBXContainerItemProxy */ = {
			isa = PBXContainerItemProxy;
			containerPortal = B97569DB258F311300B96C28 /* Project object */;
			proxyType = 1;
			remoteGlobalIDString = B97569E2258F311300B96C28;
			remoteInfo = SwiftContainer;
		};
/* End PBXContainerItemProxy section */

/* Begin PBXFileReference section */
		B97569E3258F311300B96C28 /* SwiftContainer.app */ = {isa = PBXFileReference; explicitFileType = wrapper.application; includeInIndex = 0; path = SwiftContainer.app; sourceTree = BUILT_PRODUCTS_DIR; };
		B97569E6258F311300B96C28 /* AppDelegate.swift */ = {isa = PBXFileReference; lastKnownFileType = sourcecode.swift; path = AppDelegate.swift; sourceTree = "<group>"; };
		B97569E8258F311300B96C28 /* SceneDelegate.swift */ = {isa = PBXFileReference; lastKnownFileType = sourcecode.swift; path = SceneDelegate.swift; sourceTree = "<group>"; };
		B97569EA258F311300B96C28 /* ContentView.swift */ = {isa = PBXFileReference; lastKnownFileType = sourcecode.swift; path = ContentView.swift; sourceTree = "<group>"; };
		B97569EC258F311500B96C28 /* Assets.xcassets */ = {isa = PBXFileReference; lastKnownFileType = folder.assetcatalog; path = Assets.xcassets; sourceTree = "<group>"; };
		B97569EF258F311500B96C28 /* Preview Assets.xcassets */ = {isa = PBXFileReference; lastKnownFileType = folder.assetcatalog; path = "Preview Assets.xcassets"; sourceTree = "<group>"; };
		B97569F2258F311500B96C28 /* Base */ = {isa = PBXFileReference; lastKnownFileType = file.storyboard; name = Base; path = Base.lproj/LaunchScreen.storyboard; sourceTree = "<group>"; };
		B97569F4258F311500B96C28 /* Info.plist */ = {isa = PBXFileReference; lastKnownFileType = text.plist.xml; path = Info.plist; sourceTree = "<group>"; };
		B97569F9258F311500B96C28 /* SwiftContainerTests.xctest */ = {isa = PBXFileReference; explicitFileType = wrapper.cfbundle; includeInIndex = 0; path = SwiftContainerTests.xctest; sourceTree = BUILT_PRODUCTS_DIR; };
		B97569FD258F311500B96C28 /* SwiftContainerTests.swift */ = {isa = PBXFileReference; lastKnownFileType = sourcecode.swift; path = SwiftContainerTests.swift; sourceTree = "<group>"; };
		B97569FF258F311500B96C28 /* Info.plist */ = {isa = PBXFileReference; lastKnownFileType = text.plist.xml; path = Info.plist; sourceTree = "<group>"; };
		B9756A04258F311500B96C28 /* SwiftContainerUITests.xctest */ = {isa = PBXFileReference; explicitFileType = wrapper.cfbundle; includeInIndex = 0; path = SwiftContainerUITests.xctest; sourceTree = BUILT_PRODUCTS_DIR; };
		B9756A08258F311500B96C28 /* SwiftContainerUITests.swift */ = {isa = PBXFileReference; lastKnownFileType = sourcecode.swift; path = SwiftContainerUITests.swift; sourceTree = "<group>"; };
		B9756A0A258F311500B96C28 /* Info.plist */ = {isa = PBXFileReference; lastKnownFileType = text.plist.xml; path = Info.plist; sourceTree = "<group>"; };
/* End PBXFileReference section */

/* Begin PBXFrameworksBuildPhase section */
		B97569E0258F311300B96C28 /* Frameworks */ = {
			isa = PBXFrameworksBuildPhase;
			buildActionMask = 2147483647;
			files = (
			);
			runOnlyForDeploymentPostprocessing = 0;
		};
		B97569F6258F311500B96C28 /* Frameworks */ = {
			isa = PBXFrameworksBuildPhase;
			buildActionMask = 2147483647;
			files = (
			);
			runOnlyForDeploymentPostprocessing = 0;
		};
		B9756A01258F311500B96C28 /* Frameworks */ = {
			isa = PBXFrameworksBuildPhase;
			buildActionMask = 2147483647;
			files = (
			);
			runOnlyForDeploymentPostprocessing = 0;
		};
/* End PBXFrameworksBuildPhase section */

/* Begin PBXGroup section */
		B97569DA258F311300B96C28 = {
			isa = PBXGroup;
			children = (
				B97569E5258F311300B96C28 /* SwiftContainer */,
				B97569FC258F311500B96C28 /* SwiftContainerTests */,
				B9756A07258F311500B96C28 /* SwiftContainerUITests */,
				B97569E4258F311300B96C28 /* Products */,
			);
			sourceTree = "<group>";
		};
		B97569E4258F311300B96C28 /* Products */ = {
			isa = PBXGroup;
			children = (
				B97569E3258F311300B96C28 /* SwiftContainer.app */,
				B97569F9258F311500B96C28 /* SwiftContainerTests.xctest */,
				B9756A04258F311500B96C28 /* SwiftContainerUITests.xctest */,
			);
			name = Products;
			sourceTree = "<group>";
		};
		B97569E5258F311300B96C28 /* SwiftContainer */ = {
			isa = PBXGroup;
			children = (
				B97569E6258F311300B96C28 /* AppDelegate.swift */,
				B97569E8258F311300B96C28 /* SceneDelegate.swift */,
				B97569EA258F311300B96C28 /* ContentView.swift */,
				B97569EC258F311500B96C28 /* Assets.xcassets */,
				B97569F1258F311500B96C28 /* LaunchScreen.storyboard */,
				B97569F4258F311500B96C28 /* Info.plist */,
				B97569EE258F311500B96C28 /* Preview Content */,
			);
			path = SwiftContainer;
			sourceTree = "<group>";
		};
		B97569EE258F311500B96C28 /* Preview Content */ = {
			isa = PBXGroup;
			children = (
				B97569EF258F311500B96C28 /* Preview Assets.xcassets */,
			);
			path = "Preview Content";
			sourceTree = "<group>";
		};
		B97569FC258F311500B96C28 /* SwiftContainerTests */ = {
			isa = PBXGroup;
			children = (
				B97569FD258F311500B96C28 /* SwiftContainerTests.swift */,
				B97569FF258F311500B96C28 /* Info.plist */,
			);
			path = SwiftContainerTests;
			sourceTree = "<group>";
		};
		B9756A07258F311500B96C28 /* SwiftContainerUITests */ = {
			isa = PBXGroup;
			children = (
				B9756A08258F311500B96C28 /* SwiftContainerUITests.swift */,
				B9756A0A258F311500B96C28 /* Info.plist */,
			);
			path = SwiftContainerUITests;
			sourceTree = "<group>";
		};
/* End PBXGroup section */

/* Begin PBXNativeTarget section */
		B97569E2258F311300B96C28 /* SwiftContainer */ = {
			isa = PBXNativeTarget;
			buildConfigurationList = B9756A0D258F311500B96C28 /* Build configuration list for PBXNativeTarget "SwiftContainer" */;
			buildPhases = (
				B97569DF258F311300B96C28 /* Sources */,
				B97569E0258F311300B96C28 /* Frameworks */,
				B97569E1258F311300B96C28 /* Resources */,
			);
			buildRules = (
			);
			dependencies = (
			);
			name = SwiftContainer;
			productName = SwiftContainer;
			productReference = B97569E3258F311300B96C28 /* SwiftContainer.app */;
			productType = "com.apple.product-type.application";
		};
		B97569F8258F311500B96C28 /* SwiftContainerTests */ = {
			isa = PBXNativeTarget;
			buildConfigurationList = B9756A10258F311500B96C28 /* Build configuration list for PBXNativeTarget "SwiftContainerTests" */;
			buildPhases = (
				B97569F5258F311500B96C28 /* Sources */,
				B97569F6258F311500B96C28 /* Frameworks */,
				B97569F7258F311500B96C28 /* Resources */,
			);
			buildRules = (
			);
			dependencies = (
				B97569FB258F311500B96C28 /* PBXTargetDependency */,
			);
			name = SwiftContainerTests;
			productName = SwiftContainerTests;
			productReference = B97569F9258F311500B96C28 /* SwiftContainerTests.xctest */;
			productType = "com.apple.product-type.bundle.unit-test";
		};
		B9756A03258F311500B96C28 /* SwiftContainerUITests */ = {
			isa = PBXNativeTarget;
			buildConfigurationList = B9756A13258F311500B96C28 /* Build configuration list for PBXNativeTarget "SwiftContainerUITests" */;
			buildPhases = (
				B9756A00258F311500B96C28 /* Sources */,
				B9756A01258F311500B96C28 /* Frameworks */,
				B9756A02258F311500B96C28 /* Resources */,
			);
			buildRules = (
			);
			dependencies = (
				B9756A06258F311500B96C28 /* PBXTargetDependency */,
			);
			name = SwiftContainerUITests;
			productName = SwiftContainerUITests;
			productReference = B9756A04258F311500B96C28 /* SwiftContainerUITests.xctest */;
			productType = "com.apple.product-type.bundle.ui-testing";
		};
/* End PBXNativeTarget section */

/* Begin PBXProject section */
		B97569DB258F311300B96C28 /* Project object */ = {
			isa = PBXProject;
			attributes = {
				LastSwiftUpdateCheck = 1220;
				LastUpgradeCheck = 1220;
				TargetAttributes = {
					B97569E2258F311300B96C28 = {
						CreatedOnToolsVersion = 12.2;
					};
					B97569F8258F311500B96C28 = {
						CreatedOnToolsVersion = 12.2;
						TestTargetID = B97569E2258F311300B96C28;
					};
					B9756A03258F311500B96C28 = {
						CreatedOnToolsVersion = 12.2;
						TestTargetID = B97569E2258F311300B96C28;
					};
				};
			};
			buildConfigurationList = B97569DE258F311300B96C28 /* Build configuration list for PBXProject "SwiftContainer" */;
			compatibilityVersion = "Xcode 9.3";
			developmentRegion = en;
			hasScannedForEncodings = 0;
			knownRegions = (
				en,
				Base,
			);
			mainGroup = B97569DA258F311300B96C28;
			productRefGroup = B97569E4258F311300B96C28 /* Products */;
			projectDirPath = "";
			projectRoot = "";
			targets = (
				B97569E2258F311300B96C28 /* SwiftContainer */,
				B97569F8258F311500B96C28 /* SwiftContainerTests */,
				B9756A03258F311500B96C28 /* SwiftContainerUITests */,
			);
		};
/* End PBXProject section */

/* Begin PBXResourcesBuildPhase section */
		B97569E1258F311300B96C28 /* Resources */ = {
			isa = PBXResourcesBuildPhase;
			buildActionMask = 2147483647;
			files = (
				B97569F3258F311500B96C28 /* LaunchScreen.storyboard in Resources */,
				B97569F0258F311500B96C28 /* Preview Assets.xcassets in Resources */,
				B97569ED258F311500B96C28 /* Assets.xcassets in Resources */,
			);
			runOnlyForDeploymentPostprocessing = 0;
		};
		B97569F7258F311500B96C28 /* Resources */ = {
			isa = PBXResourcesBuildPhase;
			buildActionMask = 2147483647;
			files = (
			);
			runOnlyForDeploymentPostprocessing = 0;
		};
		B9756A02258F311500B96C28 /* Resources */ = {
			isa = PBXResourcesBuildPhase;
			buildActionMask = 2147483647;
			files = (
			);
			runOnlyForDeploymentPostprocessing = 0;
		};
/* End PBXResourcesBuildPhase section */

/* Begin PBXSourcesBuildPhase section */
		B97569DF258F311300B96C28 /* Sources */ = {
			isa = PBXSourcesBuildPhase;
			buildActionMask = 2147483647;
			files = (
				B97569E7258F311300B96C28 /* AppDelegate.swift in Sources */,
				B97569E9258F311300B96C28 /* SceneDelegate.swift in Sources */,
				B97569EB258F311300B96C28 /* ContentView.swift in Sources */,
			);
			runOnlyForDeploymentPostprocessing = 0;
		};
		B97569F5258F311500B96C28 /* Sources */ = {
			isa = PBXSourcesBuildPhase;
			buildActionMask = 2147483647;
			files = (
				B97569FE258F311500B96C28 /* SwiftContainerTests.swift in Sources */,
			);
			runOnlyForDeploymentPostprocessing = 0;
		};
		B9756A00258F311500B96C28 /* Sources */ = {
			isa = PBXSourcesBuildPhase;
			buildActionMask = 2147483647;
			files = (
				B9756A09258F311500B96C28 /* SwiftContainerUITests.swift in Sources */,
			);
			runOnlyForDeploymentPostprocessing = 0;
		};
/* End PBXSourcesBuildPhase section */

/* Begin PBXTargetDependency section */
		B97569FB258F311500B96C28 /* PBXTargetDependency */ = {
			isa = PBXTargetDependency;
			target = B97569E2258F311300B96C28 /* SwiftContainer */;
			targetProxy = B97569FA258F311500B96C28 /* PBXContainerItemProxy */;
		};
		B9756A06258F311500B96C28 /* PBXTargetDependency */ = {
			isa = PBXTargetDependency;
			target = B97569E2258F311300B96C28 /* SwiftContainer */;
			targetProxy = B9756A05258F311500B96C28 /* PBXContainerItemProxy */;
		};
/* End PBXTargetDependency section */

/* Begin PBXVariantGroup section */
		B97569F1258F311500B96C28 /* LaunchScreen.storyboard */ = {
			isa = PBXVariantGroup;
			children = (
				B97569F2258F311500B96C28 /* Base */,
			);
			name = LaunchScreen.storyboard;
			sourceTree = "<group>";
		};
/* End PBXVariantGroup section */

/* Begin XCBuildConfiguration section */
		B9756A0B258F311500B96C28 /* Debug */ = {
			isa = XCBuildConfiguration;
			buildSettings = {
				ALWAYS_SEARCH_USER_PATHS = NO;
				CLANG_ANALYZER_NONNULL = YES;
				CLANG_ANALYZER_NUMBER_OBJECT_CONVERSION = YES_AGGRESSIVE;
				CLANG_CXX_LANGUAGE_STANDARD = "gnu++14";
				CLANG_CXX_LIBRARY = "libc++";
				CLANG_ENABLE_MODULES = YES;
				CLANG_ENABLE_OBJC_ARC = YES;
				CLANG_ENABLE_OBJC_WEAK = YES;
				CLANG_WARN_BLOCK_CAPTURE_AUTORELEASING = YES;
				CLANG_WARN_BOOL_CONVERSION = YES;
				CLANG_WARN_COMMA = YES;
				CLANG_WARN_CONSTANT_CONVERSION = YES;
				CLANG_WARN_DEPRECATED_OBJC_IMPLEMENTATIONS = YES;
				CLANG_WARN_DIRECT_OBJC_ISA_USAGE = YES_ERROR;
				CLANG_WARN_DOCUMENTATION_COMMENTS = YES;
				CLANG_WARN_EMPTY_BODY = YES;
				CLANG_WARN_ENUM_CONVERSION = YES;
				CLANG_WARN_INFINITE_RECURSION = YES;
				CLANG_WARN_INT_CONVERSION = YES;
				CLANG_WARN_NON_LITERAL_NULL_CONVERSION = YES;
				CLANG_WARN_OBJC_IMPLICIT_RETAIN_SELF = YES;
				CLANG_WARN_OBJC_LITERAL_CONVERSION = YES;
				CLANG_WARN_OBJC_ROOT_CLASS = YES_ERROR;
				CLANG_WARN_QUOTED_INCLUDE_IN_FRAMEWORK_HEADER = YES;
				CLANG_WARN_RANGE_LOOP_ANALYSIS = YES;
				CLANG_WARN_STRICT_PROTOTYPES = YES;
				CLANG_WARN_SUSPICIOUS_MOVE = YES;
				CLANG_WARN_UNGUARDED_AVAILABILITY = YES_AGGRESSIVE;
				CLANG_WARN_UNREACHABLE_CODE = YES;
				CLANG_WARN__DUPLICATE_METHOD_MATCH = YES;
				COPY_PHASE_STRIP = NO;
				DEBUG_INFORMATION_FORMAT = dwarf;
				ENABLE_STRICT_OBJC_MSGSEND = YES;
				ENABLE_TESTABILITY = YES;
				GCC_C_LANGUAGE_STANDARD = gnu11;
				GCC_DYNAMIC_NO_PIC = NO;
				GCC_NO_COMMON_BLOCKS = YES;
				GCC_OPTIMIZATION_LEVEL = 0;
				GCC_PREPROCESSOR_DEFINITIONS = (
					"DEBUG=1",
					"$(inherited)",
				);
				GCC_WARN_64_TO_32_BIT_CONVERSION = YES;
				GCC_WARN_ABOUT_RETURN_TYPE = YES_ERROR;
				GCC_WARN_UNDECLARED_SELECTOR = YES;
				GCC_WARN_UNINITIALIZED_AUTOS = YES_AGGRESSIVE;
				GCC_WARN_UNUSED_FUNCTION = YES;
				GCC_WARN_UNUSED_VARIABLE = YES;
				IPHONEOS_DEPLOYMENT_TARGET = 14.2;
				MTL_ENABLE_DEBUG_INFO = INCLUDE_SOURCE;
				MTL_FAST_MATH = YES;
				ONLY_ACTIVE_ARCH = YES;
				SDKROOT = iphoneos;
				SWIFT_ACTIVE_COMPILATION_CONDITIONS = DEBUG;
				SWIFT_OPTIMIZATION_LEVEL = "-Onone";
			};
			name = Debug;
		};
		B9756A0C258F311500B96C28 /* Release */ = {
			isa = XCBuildConfiguration;
			buildSettings = {
				ALWAYS_SEARCH_USER_PATHS = NO;
				CLANG_ANALYZER_NONNULL = YES;
				CLANG_ANALYZER_NUMBER_OBJECT_CONVERSION = YES_AGGRESSIVE;
				CLANG_CXX_LANGUAGE_STANDARD = "gnu++14";
				CLANG_CXX_LIBRARY = "libc++";
				CLANG_ENABLE_MODULES = YES;
				CLANG_ENABLE_OBJC_ARC = YES;
				CLANG_ENABLE_OBJC_WEAK = YES;
				CLANG_WARN_BLOCK_CAPTURE_AUTORELEASING = YES;
				CLANG_WARN_BOOL_CONVERSION = YES;
				CLANG_WARN_COMMA = YES;
				CLANG_WARN_CONSTANT_CONVERSION = YES;
				CLANG_WARN_DEPRECATED_OBJC_IMPLEMENTATIONS = YES;
				CLANG_WARN_DIRECT_OBJC_ISA_USAGE = YES_ERROR;
				CLANG_WARN_DOCUMENTATION_COMMENTS = YES;
				CLANG_WARN_EMPTY_BODY = YES;
				CLANG_WARN_ENUM_CONVERSION = YES;
				CLANG_WARN_INFINITE_RECURSION = YES;
				CLANG_WARN_INT_CONVERSION = YES;
				CLANG_WARN_NON_LITERAL_NULL_CONVERSION = YES;
				CLANG_WARN_OBJC_IMPLICIT_RETAIN_SELF = YES;
				CLANG_WARN_OBJC_LITERAL_CONVERSION = YES;
				CLANG_WARN_OBJC_ROOT_CLASS = YES_ERROR;
				CLANG_WARN_QUOTED_INCLUDE_IN_FRAMEWORK_HEADER = YES;
				CLANG_WARN_RANGE_LOOP_ANALYSIS = YES;
				CLANG_WARN_STRICT_PROTOTYPES = YES;
				CLANG_WARN_SUSPICIOUS_MOVE = YES;
				CLANG_WARN_UNGUARDED_AVAILABILITY = YES_AGGRESSIVE;
				CLANG_WARN_UNREACHABLE_CODE = YES;
				CLANG_WARN__DUPLICATE_METHOD_MATCH = YES;
				COPY_PHASE_STRIP = NO;
				DEBUG_INFORMATION_FORMAT = "dwarf-with-dsym";
				ENABLE_NS_ASSERTIONS = NO;
				ENABLE_STRICT_OBJC_MSGSEND = YES;
				GCC_C_LANGUAGE_STANDARD = gnu11;
				GCC_NO_COMMON_BLOCKS = YES;
				GCC_WARN_64_TO_32_BIT_CONVERSION = YES;
				GCC_WARN_ABOUT_RETURN_TYPE = YES_ERROR;
				GCC_WARN_UNDECLARED_SELECTOR = YES;
				GCC_WARN_UNINITIALIZED_AUTOS = YES_AGGRESSIVE;
				GCC_WARN_UNUSED_FUNCTION = YES;
				GCC_WARN_UNUSED_VARIABLE = YES;
				IPHONEOS_DEPLOYMENT_TARGET = 14.2;
				MTL_ENABLE_DEBUG_INFO = NO;
				MTL_FAST_MATH = YES;
				SDKROOT = iphoneos;
				SWIFT_COMPILATION_MODE = wholemodule;
				SWIFT_OPTIMIZATION_LEVEL = "-O";
				VALIDATE_PRODUCT = YES;
			};
			name = Release;
		};
		B9756A0E258F311500B96C28 /* Debug */ = {
			isa = XCBuildConfiguration;
			buildSettings = {
				ASSETCATALOG_COMPILER_APPICON_NAME = AppIcon;
				ASSETCATALOG_COMPILER_GLOBAL_ACCENT_COLOR_NAME = AccentColor;
				CODE_SIGN_STYLE = Automatic;
				DEVELOPMENT_ASSET_PATHS = "\"SwiftContainer/Preview Content\"";
				ENABLE_PREVIEWS = YES;
				INFOPLIST_FILE = SwiftContainer/Info.plist;
				LD_RUNPATH_SEARCH_PATHS = (
					"$(inherited)",
					"@executable_path/Frameworks",
				);
				PRODUCT_BUNDLE_IDENTIFIER = com.jihwan.SwiftContainer;
				PRODUCT_NAME = "$(TARGET_NAME)";
				SWIFT_VERSION = 5.0;
				TARGETED_DEVICE_FAMILY = "1,2";
			};
			name = Debug;
		};
		B9756A0F258F311500B96C28 /* Release */ = {
			isa = XCBuildConfiguration;
			buildSettings = {
				ASSETCATALOG_COMPILER_APPICON_NAME = AppIcon;
				ASSETCATALOG_COMPILER_GLOBAL_ACCENT_COLOR_NAME = AccentColor;
				CODE_SIGN_STYLE = Automatic;
				DEVELOPMENT_ASSET_PATHS = "\"SwiftContainer/Preview Content\"";
				ENABLE_PREVIEWS = YES;
				INFOPLIST_FILE = SwiftContainer/Info.plist;
				LD_RUNPATH_SEARCH_PATHS = (
					"$(inherited)",
					"@executable_path/Frameworks",
				);
				PRODUCT_BUNDLE_IDENTIFIER = com.jihwan.SwiftContainer;
				PRODUCT_NAME = "$(TARGET_NAME)";
				SWIFT_VERSION = 5.0;
				TARGETED_DEVICE_FAMILY = "1,2";
			};
			name = Release;
		};
		B9756A11258F311500B96C28 /* Debug */ = {
			isa = XCBuildConfiguration;
			buildSettings = {
				ALWAYS_EMBED_SWIFT_STANDARD_LIBRARIES = YES;
				BUNDLE_LOADER = "$(TEST_HOST)";
				CODE_SIGN_STYLE = Automatic;
				INFOPLIST_FILE = SwiftContainerTests/Info.plist;
				IPHONEOS_DEPLOYMENT_TARGET = 14.2;
				LD_RUNPATH_SEARCH_PATHS = (
					"$(inherited)",
					"@executable_path/Frameworks",
					"@loader_path/Frameworks",
				);
				PRODUCT_BUNDLE_IDENTIFIER = com.jihwan.SwiftContainerTests;
				PRODUCT_NAME = "$(TARGET_NAME)";
				SWIFT_VERSION = 5.0;
				TARGETED_DEVICE_FAMILY = "1,2";
				TEST_HOST = "$(BUILT_PRODUCTS_DIR)/SwiftContainer.app/SwiftContainer";
			};
			name = Debug;
		};
		B9756A12258F311500B96C28 /* Release */ = {
			isa = XCBuildConfiguration;
			buildSettings = {
				ALWAYS_EMBED_SWIFT_STANDARD_LIBRARIES = YES;
				BUNDLE_LOADER = "$(TEST_HOST)";
				CODE_SIGN_STYLE = Automatic;
				INFOPLIST_FILE = SwiftContainerTests/Info.plist;
				IPHONEOS_DEPLOYMENT_TARGET = 14.2;
				LD_RUNPATH_SEARCH_PATHS = (
					"$(inherited)",
					"@executable_path/Frameworks",
					"@loader_path/Frameworks",
				);
				PRODUCT_BUNDLE_IDENTIFIER = com.jihwan.SwiftContainerTests;
				PRODUCT_NAME = "$(TARGET_NAME)";
				SWIFT_VERSION = 5.0;
				TARGETED_DEVICE_FAMILY = "1,2";
				TEST_HOST = "$(BUILT_PRODUCTS_DIR)/SwiftContainer.app/SwiftContainer";
			};
			name = Release;
		};
		B9756A14258F311500B96C28 /* Debug */ = {
			isa = XCBuildConfiguration;
			buildSettings = {
				ALWAYS_EMBED_SWIFT_STANDARD_LIBRARIES = YES;
				CODE_SIGN_STYLE = Automatic;
				INFOPLIST_FILE = SwiftContainerUITests/Info.plist;
				LD_RUNPATH_SEARCH_PATHS = (
					"$(inherited)",
					"@executable_path/Frameworks",
					"@loader_path/Frameworks",
				);
				PRODUCT_BUNDLE_IDENTIFIER = com.jihwan.SwiftContainerUITests;
				PRODUCT_NAME = "$(TARGET_NAME)";
				SWIFT_VERSION = 5.0;
				TARGETED_DEVICE_FAMILY = "1,2";
				TEST_TARGET_NAME = SwiftContainer;
			};
			name = Debug;
		};
		B9756A15258F311500B96C28 /* Release */ = {
			isa = XCBuildConfiguration;
			buildSettings = {
				ALWAYS_EMBED_SWIFT_STANDARD_LIBRARIES = YES;
				CODE_SIGN_STYLE = Automatic;
				INFOPLIST_FILE = SwiftContainerUITests/Info.plist;
				LD_RUNPATH_SEARCH_PATHS = (
					"$(inherited)",
					"@executable_path/Frameworks",
					"@loader_path/Frameworks",
				);
				PRODUCT_BUNDLE_IDENTIFIER = com.jihwan.SwiftContainerUITests;
				PRODUCT_NAME = "$(TARGET_NAME)";
				SWIFT_VERSION = 5.0;
				TARGETED_DEVICE_FAMILY = "1,2";
				TEST_TARGET_NAME = SwiftContainer;
			};
			name = Release;
		};
/* End XCBuildConfiguration section */

/* Begin XCConfigurationList section */
		B97569DE258F311300B96C28 /* Build configuration list for PBXProject "SwiftContainer" */ = {
			isa = XCConfigurationList;
			buildConfigurations = (
				B9756A0B258F311500B96C28 /* Debug */,
				B9756A0C258F311500B96C28 /* Release */,
			);
			defaultConfigurationIsVisible = 0;
			defaultConfigurationName = Release;
		};
		B9756A0D258F311500B96C28 /* Build configuration list for PBXNativeTarget "SwiftContainer" */ = {
			isa = XCConfigurationList;
			buildConfigurations = (
				B9756A0E258F311500B96C28 /* Debug */,
				B9756A0F258F311500B96C28 /* Release */,
			);
			defaultConfigurationIsVisible = 0;
			defaultConfigurationName = Release;
		};
		B9756A10258F311500B96C28 /* Build configuration list for PBXNativeTarget "SwiftContainerTests" */ = {
			isa = XCConfigurationList;
			buildConfigurations = (
				B9756A11258F311500B96C28 /* Debug */,
				B9756A12258F311500B96C28 /* Release */,
			);
			defaultConfigurationIsVisible = 0;
			defaultConfigurationName = Release;
		};
		B9756A13258F311500B96C28 /* Build configuration list for PBXNativeTarget "SwiftContainerUITests" */ = {
			isa = XCConfigurationList;
			buildConfigurations = (
				B9756A14258F311500B96C28 /* Debug */,
				B9756A15258F311500B96C28 /* Release */,
			);
			defaultConfigurationIsVisible = 0;
			defaultConfigurationName = Release;
		};
/* End XCConfigurationList section */
	};
	rootObject = B97569DB258F311300B96C28 /* Project object */;
}
