// !$*UTF8*$!
{
	archiveVersion = 1;
	classes = {
	};
	objectVersion = 50;
	objects = {

/* Begin PBXBuildFile section */
		B975691D258EEB1000B96C28 /* AppDelegate.swift in Sources */ = {isa = PBXBuildFile; fileRef = B975691C258EEB1000B96C28 /* AppDelegate.swift */; };
		B975691F258EEB1000B96C28 /* SceneDelegate.swift in Sources */ = {isa = PBXBuildFile; fileRef = B975691E258EEB1000B96C28 /* SceneDelegate.swift */; };
		B9756921258EEB1000B96C28 /* ContentView.swift in Sources */ = {isa = PBXBuildFile; fileRef = B9756920258EEB1000B96C28 /* ContentView.swift */; };
		B9756923258EEB1100B96C28 /* Assets.xcassets in Resources */ = {isa = PBXBuildFile; fileRef = B9756922258EEB1100B96C28 /* Assets.xcassets */; };
		B9756926258EEB1100B96C28 /* Preview Assets.xcassets in Resources */ = {isa = PBXBuildFile; fileRef = B9756925258EEB1100B96C28 /* Preview Assets.xcassets */; };
		B9756929258EEB1100B96C28 /* LaunchScreen.storyboard in Resources */ = {isa = PBXBuildFile; fileRef = B9756927258EEB1100B96C28 /* LaunchScreen.storyboard */; };
		B9756934258EEB1100B96C28 /* DemoProjectTests.swift in Sources */ = {isa = PBXBuildFile; fileRef = B9756933258EEB1100B96C28 /* DemoProjectTests.swift */; };
		B975693F258EEB1100B96C28 /* DemoProjectUITests.swift in Sources */ = {isa = PBXBuildFile; fileRef = B975693E258EEB1100B96C28 /* DemoProjectUITests.swift */; };
/* End PBXBuildFile section */

/* Begin PBXContainerItemProxy section */
		B9756930258EEB1100B96C28 /* PBXContainerItemProxy */ = {
			isa = PBXContainerItemProxy;
			containerPortal = B9756911258EEB1000B96C28 /* Project object */;
			proxyType = 1;
			remoteGlobalIDString = B9756918258EEB1000B96C28;
			remoteInfo = DemoProject;
		};
		B975693B258EEB1100B96C28 /* PBXContainerItemProxy */ = {
			isa = PBXContainerItemProxy;
			containerPortal = B9756911258EEB1000B96C28 /* Project object */;
			proxyType = 1;
			remoteGlobalIDString = B9756918258EEB1000B96C28;
			remoteInfo = DemoProject;
		};
/* End PBXContainerItemProxy section */

/* Begin PBXFileReference section */
		B9756919258EEB1000B96C28 /* DemoProject.app */ = {isa = PBXFileReference; explicitFileType = wrapper.application; includeInIndex = 0; path = DemoProject.app; sourceTree = BUILT_PRODUCTS_DIR; };
		B975691C258EEB1000B96C28 /* AppDelegate.swift */ = {isa = PBXFileReference; lastKnownFileType = sourcecode.swift; path = AppDelegate.swift; sourceTree = "<group>"; };
		B975691E258EEB1000B96C28 /* SceneDelegate.swift */ = {isa = PBXFileReference; lastKnownFileType = sourcecode.swift; path = SceneDelegate.swift; sourceTree = "<group>"; };
		B9756920258EEB1000B96C28 /* ContentView.swift */ = {isa = PBXFileReference; lastKnownFileType = sourcecode.swift; path = ContentView.swift; sourceTree = "<group>"; };
		B9756922258EEB1100B96C28 /* Assets.xcassets */ = {isa = PBXFileReference; lastKnownFileType = folder.assetcatalog; path = Assets.xcassets; sourceTree = "<group>"; };
		B9756925258EEB1100B96C28 /* Preview Assets.xcassets */ = {isa = PBXFileReference; lastKnownFileType = folder.assetcatalog; path = "Preview Assets.xcassets"; sourceTree = "<group>"; };
		B9756928258EEB1100B96C28 /* Base */ = {isa = PBXFileReference; lastKnownFileType = file.storyboard; name = Base; path = Base.lproj/LaunchScreen.storyboard; sourceTree = "<group>"; };
		B975692A258EEB1100B96C28 /* Info.plist */ = {isa = PBXFileReference; lastKnownFileType = text.plist.xml; path = Info.plist; sourceTree = "<group>"; };
		B975692F258EEB1100B96C28 /* DemoProjectTests.xctest */ = {isa = PBXFileReference; explicitFileType = wrapper.cfbundle; includeInIndex = 0; path = DemoProjectTests.xctest; sourceTree = BUILT_PRODUCTS_DIR; };
		B9756933258EEB1100B96C28 /* DemoProjectTests.swift */ = {isa = PBXFileReference; lastKnownFileType = sourcecode.swift; path = DemoProjectTests.swift; sourceTree = "<group>"; };
		B9756935258EEB1100B96C28 /* Info.plist */ = {isa = PBXFileReference; lastKnownFileType = text.plist.xml; path = Info.plist; sourceTree = "<group>"; };
		B975693A258EEB1100B96C28 /* DemoProjectUITests.xctest */ = {isa = PBXFileReference; explicitFileType = wrapper.cfbundle; includeInIndex = 0; path = DemoProjectUITests.xctest; sourceTree = BUILT_PRODUCTS_DIR; };
		B975693E258EEB1100B96C28 /* DemoProjectUITests.swift */ = {isa = PBXFileReference; lastKnownFileType = sourcecode.swift; path = DemoProjectUITests.swift; sourceTree = "<group>"; };
		B9756940258EEB1100B96C28 /* Info.plist */ = {isa = PBXFileReference; lastKnownFileType = text.plist.xml; path = Info.plist; sourceTree = "<group>"; };
/* End PBXFileReference section */

/* Begin PBXFrameworksBuildPhase section */
		B9756916258EEB1000B96C28 /* Frameworks */ = {
			isa = PBXFrameworksBuildPhase;
			buildActionMask = 2147483647;
			files = (
			);
			runOnlyForDeploymentPostprocessing = 0;
		};
		B975692C258EEB1100B96C28 /* Frameworks */ = {
			isa = PBXFrameworksBuildPhase;
			buildActionMask = 2147483647;
			files = (
			);
			runOnlyForDeploymentPostprocessing = 0;
		};
		B9756937258EEB1100B96C28 /* Frameworks */ = {
			isa = PBXFrameworksBuildPhase;
			buildActionMask = 2147483647;
			files = (
			);
			runOnlyForDeploymentPostprocessing = 0;
		};
/* End PBXFrameworksBuildPhase section */

/* Begin PBXGroup section */
		B9756910258EEB1000B96C28 = {
			isa = PBXGroup;
			children = (
				B975691B258EEB1000B96C28 /* DemoProject */,
				B9756932258EEB1100B96C28 /* DemoProjectTests */,
				B975693D258EEB1100B96C28 /* DemoProjectUITests */,
				B975691A258EEB1000B96C28 /* Products */,
			);
			sourceTree = "<group>";
		};
		B975691A258EEB1000B96C28 /* Products */ = {
			isa = PBXGroup;
			children = (
				B9756919258EEB1000B96C28 /* DemoProject.app */,
				B975692F258EEB1100B96C28 /* DemoProjectTests.xctest */,
				B975693A258EEB1100B96C28 /* DemoProjectUITests.xctest */,
			);
			name = Products;
			sourceTree = "<group>";
		};
		B975691B258EEB1000B96C28 /* DemoProject */ = {
			isa = PBXGroup;
			children = (
				B975691C258EEB1000B96C28 /* AppDelegate.swift */,
				B975691E258EEB1000B96C28 /* SceneDelegate.swift */,
				B9756920258EEB1000B96C28 /* ContentView.swift */,
				B9756922258EEB1100B96C28 /* Assets.xcassets */,
				B9756927258EEB1100B96C28 /* LaunchScreen.storyboard */,
				B975692A258EEB1100B96C28 /* Info.plist */,
				B9756924258EEB1100B96C28 /* Preview Content */,
			);
			path = DemoProject;
			sourceTree = "<group>";
		};
		B9756924258EEB1100B96C28 /* Preview Content */ = {
			isa = PBXGroup;
			children = (
				B9756925258EEB1100B96C28 /* Preview Assets.xcassets */,
			);
			path = "Preview Content";
			sourceTree = "<group>";
		};
		B9756932258EEB1100B96C28 /* DemoProjectTests */ = {
			isa = PBXGroup;
			children = (
				B9756933258EEB1100B96C28 /* DemoProjectTests.swift */,
				B9756935258EEB1100B96C28 /* Info.plist */,
			);
			path = DemoProjectTests;
			sourceTree = "<group>";
		};
		B975693D258EEB1100B96C28 /* DemoProjectUITests */ = {
			isa = PBXGroup;
			children = (
				B975693E258EEB1100B96C28 /* DemoProjectUITests.swift */,
				B9756940258EEB1100B96C28 /* Info.plist */,
			);
			path = DemoProjectUITests;
			sourceTree = "<group>";
		};
/* End PBXGroup section */

/* Begin PBXNativeTarget section */
		B9756918258EEB1000B96C28 /* DemoProject */ = {
			isa = PBXNativeTarget;
			buildConfigurationList = B9756943258EEB1100B96C28 /* Build configuration list for PBXNativeTarget "DemoProject" */;
			buildPhases = (
				B9756915258EEB1000B96C28 /* Sources */,
				B9756916258EEB1000B96C28 /* Frameworks */,
				B9756917258EEB1000B96C28 /* Resources */,
			);
			buildRules = (
			);
			dependencies = (
			);
			name = DemoProject;
			productName = DemoProject;
			productReference = B9756919258EEB1000B96C28 /* DemoProject.app */;
			productType = "com.apple.product-type.application";
		};
		B975692E258EEB1100B96C28 /* DemoProjectTests */ = {
			isa = PBXNativeTarget;
			buildConfigurationList = B9756946258EEB1100B96C28 /* Build configuration list for PBXNativeTarget "DemoProjectTests" */;
			buildPhases = (
				B975692B258EEB1100B96C28 /* Sources */,
				B975692C258EEB1100B96C28 /* Frameworks */,
				B975692D258EEB1100B96C28 /* Resources */,
			);
			buildRules = (
			);
			dependencies = (
				B9756931258EEB1100B96C28 /* PBXTargetDependency */,
			);
			name = DemoProjectTests;
			productName = DemoProjectTests;
			productReference = B975692F258EEB1100B96C28 /* DemoProjectTests.xctest */;
			productType = "com.apple.product-type.bundle.unit-test";
		};
		B9756939258EEB1100B96C28 /* DemoProjectUITests */ = {
			isa = PBXNativeTarget;
			buildConfigurationList = B9756949258EEB1100B96C28 /* Build configuration list for PBXNativeTarget "DemoProjectUITests" */;
			buildPhases = (
				B9756936258EEB1100B96C28 /* Sources */,
				B9756937258EEB1100B96C28 /* Frameworks */,
				B9756938258EEB1100B96C28 /* Resources */,
			);
			buildRules = (
			);
			dependencies = (
				B975693C258EEB1100B96C28 /* PBXTargetDependency */,
			);
			name = DemoProjectUITests;
			productName = DemoProjectUITests;
			productReference = B975693A258EEB1100B96C28 /* DemoProjectUITests.xctest */;
			productType = "com.apple.product-type.bundle.ui-testing";
		};
/* End PBXNativeTarget section */

/* Begin PBXProject section */
		B9756911258EEB1000B96C28 /* Project object */ = {
			isa = PBXProject;
			attributes = {
				LastSwiftUpdateCheck = 1220;
				LastUpgradeCheck = 1220;
				TargetAttributes = {
					B9756918258EEB1000B96C28 = {
						CreatedOnToolsVersion = 12.2;
					};
					B975692E258EEB1100B96C28 = {
						CreatedOnToolsVersion = 12.2;
						TestTargetID = B9756918258EEB1000B96C28;
					};
					B9756939258EEB1100B96C28 = {
						CreatedOnToolsVersion = 12.2;
						TestTargetID = B9756918258EEB1000B96C28;
					};
				};
			};
			buildConfigurationList = B9756914258EEB1000B96C28 /* Build configuration list for PBXProject "DemoProject" */;
			compatibilityVersion = "Xcode 9.3";
			developmentRegion = en;
			hasScannedForEncodings = 0;
			knownRegions = (
				en,
				Base,
			);
			mainGroup = B9756910258EEB1000B96C28;
			productRefGroup = B975691A258EEB1000B96C28 /* Products */;
			projectDirPath = "";
			projectRoot = "";
			targets = (
				B9756918258EEB1000B96C28 /* DemoProject */,
				B975692E258EEB1100B96C28 /* DemoProjectTests */,
				B9756939258EEB1100B96C28 /* DemoProjectUITests */,
			);
		};
/* End PBXProject section */

/* Begin PBXResourcesBuildPhase section */
		B9756917258EEB1000B96C28 /* Resources */ = {
			isa = PBXResourcesBuildPhase;
			buildActionMask = 2147483647;
			files = (
				B9756929258EEB1100B96C28 /* LaunchScreen.storyboard in Resources */,
				B9756926258EEB1100B96C28 /* Preview Assets.xcassets in Resources */,
				B9756923258EEB1100B96C28 /* Assets.xcassets in Resources */,
			);
			runOnlyForDeploymentPostprocessing = 0;
		};
		B975692D258EEB1100B96C28 /* Resources */ = {
			isa = PBXResourcesBuildPhase;
			buildActionMask = 2147483647;
			files = (
			);
			runOnlyForDeploymentPostprocessing = 0;
		};
		B9756938258EEB1100B96C28 /* Resources */ = {
			isa = PBXResourcesBuildPhase;
			buildActionMask = 2147483647;
			files = (
			);
			runOnlyForDeploymentPostprocessing = 0;
		};
/* End PBXResourcesBuildPhase section */

/* Begin PBXSourcesBuildPhase section */
		B9756915258EEB1000B96C28 /* Sources */ = {
			isa = PBXSourcesBuildPhase;
			buildActionMask = 2147483647;
			files = (
				B975691D258EEB1000B96C28 /* AppDelegate.swift in Sources */,
				B975691F258EEB1000B96C28 /* SceneDelegate.swift in Sources */,
				B9756921258EEB1000B96C28 /* ContentView.swift in Sources */,
			);
			runOnlyForDeploymentPostprocessing = 0;
		};
		B975692B258EEB1100B96C28 /* Sources */ = {
			isa = PBXSourcesBuildPhase;
			buildActionMask = 2147483647;
			files = (
				B9756934258EEB1100B96C28 /* DemoProjectTests.swift in Sources */,
			);
			runOnlyForDeploymentPostprocessing = 0;
		};
		B9756936258EEB1100B96C28 /* Sources */ = {
			isa = PBXSourcesBuildPhase;
			buildActionMask = 2147483647;
			files = (
				B975693F258EEB1100B96C28 /* DemoProjectUITests.swift in Sources */,
			);
			runOnlyForDeploymentPostprocessing = 0;
		};
/* End PBXSourcesBuildPhase section */

/* Begin PBXTargetDependency section */
		B9756931258EEB1100B96C28 /* PBXTargetDependency */ = {
			isa = PBXTargetDependency;
			target = B9756918258EEB1000B96C28 /* DemoProject */;
			targetProxy = B9756930258EEB1100B96C28 /* PBXContainerItemProxy */;
		};
		B975693C258EEB1100B96C28 /* PBXTargetDependency */ = {
			isa = PBXTargetDependency;
			target = B9756918258EEB1000B96C28 /* DemoProject */;
			targetProxy = B975693B258EEB1100B96C28 /* PBXContainerItemProxy */;
		};
/* End PBXTargetDependency section */

/* Begin PBXVariantGroup section */
		B9756927258EEB1100B96C28 /* LaunchScreen.storyboard */ = {
			isa = PBXVariantGroup;
			children = (
				B9756928258EEB1100B96C28 /* Base */,
			);
			name = LaunchScreen.storyboard;
			sourceTree = "<group>";
		};
/* End PBXVariantGroup section */

/* Begin XCBuildConfiguration section */
		B9756941258EEB1100B96C28 /* Debug */ = {
			isa = XCBuildConfiguration;
			buildSettings = {
				ALWAYS_SEARCH_USER_PATHS = NO;
				CLANG_ANALYZER_NONNULL = YES;
				CLANG_ANALYZER_NUMBER_OBJECT_CONVERSION = YES_AGGRESSIVE;
				CLANG_CXX_LANGUAGE_STANDARD = "gnu++14";
				CLANG_CXX_LIBRARY = "libc++";
				CLANG_ENABLE_MODULES = YES;
				CLANG_ENABLE_OBJC_ARC = YES;
				CLANG_ENABLE_OBJC_WEAK = YES;
				CLANG_WARN_BLOCK_CAPTURE_AUTORELEASING = YES;
				CLANG_WARN_BOOL_CONVERSION = YES;
				CLANG_WARN_COMMA = YES;
				CLANG_WARN_CONSTANT_CONVERSION = YES;
				CLANG_WARN_DEPRECATED_OBJC_IMPLEMENTATIONS = YES;
				CLANG_WARN_DIRECT_OBJC_ISA_USAGE = YES_ERROR;
				CLANG_WARN_DOCUMENTATION_COMMENTS = YES;
				CLANG_WARN_EMPTY_BODY = YES;
				CLANG_WARN_ENUM_CONVERSION = YES;
				CLANG_WARN_INFINITE_RECURSION = YES;
				CLANG_WARN_INT_CONVERSION = YES;
				CLANG_WARN_NON_LITERAL_NULL_CONVERSION = YES;
				CLANG_WARN_OBJC_IMPLICIT_RETAIN_SELF = YES;
				CLANG_WARN_OBJC_LITERAL_CONVERSION = YES;
				CLANG_WARN_OBJC_ROOT_CLASS = YES_ERROR;
				CLANG_WARN_QUOTED_INCLUDE_IN_FRAMEWORK_HEADER = YES;
				CLANG_WARN_RANGE_LOOP_ANALYSIS = YES;
				CLANG_WARN_STRICT_PROTOTYPES = YES;
				CLANG_WARN_SUSPICIOUS_MOVE = YES;
				CLANG_WARN_UNGUARDED_AVAILABILITY = YES_AGGRESSIVE;
				CLANG_WARN_UNREACHABLE_CODE = YES;
				CLANG_WARN__DUPLICATE_METHOD_MATCH = YES;
				COPY_PHASE_STRIP = NO;
				DEBUG_INFORMATION_FORMAT = dwarf;
				ENABLE_STRICT_OBJC_MSGSEND = YES;
				ENABLE_TESTABILITY = YES;
				GCC_C_LANGUAGE_STANDARD = gnu11;
				GCC_DYNAMIC_NO_PIC = NO;
				GCC_NO_COMMON_BLOCKS = YES;
				GCC_OPTIMIZATION_LEVEL = 0;
				GCC_PREPROCESSOR_DEFINITIONS = (
					"DEBUG=1",
					"$(inherited)",
				);
				GCC_WARN_64_TO_32_BIT_CONVERSION = YES;
				GCC_WARN_ABOUT_RETURN_TYPE = YES_ERROR;
				GCC_WARN_UNDECLARED_SELECTOR = YES;
				GCC_WARN_UNINITIALIZED_AUTOS = YES_AGGRESSIVE;
				GCC_WARN_UNUSED_FUNCTION = YES;
				GCC_WARN_UNUSED_VARIABLE = YES;
				IPHONEOS_DEPLOYMENT_TARGET = 14.2;
				MTL_ENABLE_DEBUG_INFO = INCLUDE_SOURCE;
				MTL_FAST_MATH = YES;
				ONLY_ACTIVE_ARCH = YES;
				SDKROOT = iphoneos;
				SWIFT_ACTIVE_COMPILATION_CONDITIONS = DEBUG;
				SWIFT_OPTIMIZATION_LEVEL = "-Onone";
			};
			name = Debug;
		};
		B9756942258EEB1100B96C28 /* Release */ = {
			isa = XCBuildConfiguration;
			buildSettings = {
				ALWAYS_SEARCH_USER_PATHS = NO;
				CLANG_ANALYZER_NONNULL = YES;
				CLANG_ANALYZER_NUMBER_OBJECT_CONVERSION = YES_AGGRESSIVE;
				CLANG_CXX_LANGUAGE_STANDARD = "gnu++14";
				CLANG_CXX_LIBRARY = "libc++";
				CLANG_ENABLE_MODULES = YES;
				CLANG_ENABLE_OBJC_ARC = YES;
				CLANG_ENABLE_OBJC_WEAK = YES;
				CLANG_WARN_BLOCK_CAPTURE_AUTORELEASING = YES;
				CLANG_WARN_BOOL_CONVERSION = YES;
				CLANG_WARN_COMMA = YES;
				CLANG_WARN_CONSTANT_CONVERSION = YES;
				CLANG_WARN_DEPRECATED_OBJC_IMPLEMENTATIONS = YES;
				CLANG_WARN_DIRECT_OBJC_ISA_USAGE = YES_ERROR;
				CLANG_WARN_DOCUMENTATION_COMMENTS = YES;
				CLANG_WARN_EMPTY_BODY = YES;
				CLANG_WARN_ENUM_CONVERSION = YES;
				CLANG_WARN_INFINITE_RECURSION = YES;
				CLANG_WARN_INT_CONVERSION = YES;
				CLANG_WARN_NON_LITERAL_NULL_CONVERSION = YES;
				CLANG_WARN_OBJC_IMPLICIT_RETAIN_SELF = YES;
				CLANG_WARN_OBJC_LITERAL_CONVERSION = YES;
				CLANG_WARN_OBJC_ROOT_CLASS = YES_ERROR;
				CLANG_WARN_QUOTED_INCLUDE_IN_FRAMEWORK_HEADER = YES;
				CLANG_WARN_RANGE_LOOP_ANALYSIS = YES;
				CLANG_WARN_STRICT_PROTOTYPES = YES;
				CLANG_WARN_SUSPICIOUS_MOVE = YES;
				CLANG_WARN_UNGUARDED_AVAILABILITY = YES_AGGRESSIVE;
				CLANG_WARN_UNREACHABLE_CODE = YES;
				CLANG_WARN__DUPLICATE_METHOD_MATCH = YES;
				COPY_PHASE_STRIP = NO;
				DEBUG_INFORMATION_FORMAT = "dwarf-with-dsym";
				ENABLE_NS_ASSERTIONS = NO;
				ENABLE_STRICT_OBJC_MSGSEND = YES;
				GCC_C_LANGUAGE_STANDARD = gnu11;
				GCC_NO_COMMON_BLOCKS = YES;
				GCC_WARN_64_TO_32_BIT_CONVERSION = YES;
				GCC_WARN_ABOUT_RETURN_TYPE = YES_ERROR;
				GCC_WARN_UNDECLARED_SELECTOR = YES;
				GCC_WARN_UNINITIALIZED_AUTOS = YES_AGGRESSIVE;
				GCC_WARN_UNUSED_FUNCTION = YES;
				GCC_WARN_UNUSED_VARIABLE = YES;
				IPHONEOS_DEPLOYMENT_TARGET = 14.2;
				MTL_ENABLE_DEBUG_INFO = NO;
				MTL_FAST_MATH = YES;
				SDKROOT = iphoneos;
				SWIFT_COMPILATION_MODE = wholemodule;
				SWIFT_OPTIMIZATION_LEVEL = "-O";
				VALIDATE_PRODUCT = YES;
			};
			name = Release;
		};
		B9756944258EEB1100B96C28 /* Debug */ = {
			isa = XCBuildConfiguration;
			buildSettings = {
				ASSETCATALOG_COMPILER_APPICON_NAME = AppIcon;
				ASSETCATALOG_COMPILER_GLOBAL_ACCENT_COLOR_NAME = AccentColor;
				CODE_SIGN_STYLE = Automatic;
				DEVELOPMENT_ASSET_PATHS = "\"DemoProject/Preview Content\"";
				ENABLE_PREVIEWS = YES;
				INFOPLIST_FILE = DemoProject/Info.plist;
				LD_RUNPATH_SEARCH_PATHS = (
					"$(inherited)",
					"@executable_path/Frameworks",
				);
				PRODUCT_BUNDLE_IDENTIFIER = com.jihwan.DemoProject;
				PRODUCT_NAME = "$(TARGET_NAME)";
				SWIFT_VERSION = 5.0;
				TARGETED_DEVICE_FAMILY = "1,2";
			};
			name = Debug;
		};
		B9756945258EEB1100B96C28 /* Release */ = {
			isa = XCBuildConfiguration;
			buildSettings = {
				ASSETCATALOG_COMPILER_APPICON_NAME = AppIcon;
				ASSETCATALOG_COMPILER_GLOBAL_ACCENT_COLOR_NAME = AccentColor;
				CODE_SIGN_STYLE = Automatic;
				DEVELOPMENT_ASSET_PATHS = "\"DemoProject/Preview Content\"";
				ENABLE_PREVIEWS = YES;
				INFOPLIST_FILE = DemoProject/Info.plist;
				LD_RUNPATH_SEARCH_PATHS = (
					"$(inherited)",
					"@executable_path/Frameworks",
				);
				PRODUCT_BUNDLE_IDENTIFIER = com.jihwan.DemoProject;
				PRODUCT_NAME = "$(TARGET_NAME)";
				SWIFT_VERSION = 5.0;
				TARGETED_DEVICE_FAMILY = "1,2";
			};
			name = Release;
		};
		B9756947258EEB1100B96C28 /* Debug */ = {
			isa = XCBuildConfiguration;
			buildSettings = {
				ALWAYS_EMBED_SWIFT_STANDARD_LIBRARIES = YES;
				BUNDLE_LOADER = "$(TEST_HOST)";
				CODE_SIGN_STYLE = Automatic;
				INFOPLIST_FILE = DemoProjectTests/Info.plist;
				IPHONEOS_DEPLOYMENT_TARGET = 14.2;
				LD_RUNPATH_SEARCH_PATHS = (
					"$(inherited)",
					"@executable_path/Frameworks",
					"@loader_path/Frameworks",
				);
				PRODUCT_BUNDLE_IDENTIFIER = com.jihwan.DemoProjectTests;
				PRODUCT_NAME = "$(TARGET_NAME)";
				SWIFT_VERSION = 5.0;
				TARGETED_DEVICE_FAMILY = "1,2";
				TEST_HOST = "$(BUILT_PRODUCTS_DIR)/DemoProject.app/DemoProject";
			};
			name = Debug;
		};
		B9756948258EEB1100B96C28 /* Release */ = {
			isa = XCBuildConfiguration;
			buildSettings = {
				ALWAYS_EMBED_SWIFT_STANDARD_LIBRARIES = YES;
				BUNDLE_LOADER = "$(TEST_HOST)";
				CODE_SIGN_STYLE = Automatic;
				INFOPLIST_FILE = DemoProjectTests/Info.plist;
				IPHONEOS_DEPLOYMENT_TARGET = 14.2;
				LD_RUNPATH_SEARCH_PATHS = (
					"$(inherited)",
					"@executable_path/Frameworks",
					"@loader_path/Frameworks",
				);
				PRODUCT_BUNDLE_IDENTIFIER = com.jihwan.DemoProjectTests;
				PRODUCT_NAME = "$(TARGET_NAME)";
				SWIFT_VERSION = 5.0;
				TARGETED_DEVICE_FAMILY = "1,2";
				TEST_HOST = "$(BUILT_PRODUCTS_DIR)/DemoProject.app/DemoProject";
			};
			name = Release;
		};
		B975694A258EEB1100B96C28 /* Debug */ = {
			isa = XCBuildConfiguration;
			buildSettings = {
				ALWAYS_EMBED_SWIFT_STANDARD_LIBRARIES = YES;
				CODE_SIGN_STYLE = Automatic;
				INFOPLIST_FILE = DemoProjectUITests/Info.plist;
				LD_RUNPATH_SEARCH_PATHS = (
					"$(inherited)",
					"@executable_path/Frameworks",
					"@loader_path/Frameworks",
				);
				PRODUCT_BUNDLE_IDENTIFIER = com.jihwan.DemoProjectUITests;
				PRODUCT_NAME = "$(TARGET_NAME)";
				SWIFT_VERSION = 5.0;
				TARGETED_DEVICE_FAMILY = "1,2";
				TEST_TARGET_NAME = DemoProject;
			};
			name = Debug;
		};
		B975694B258EEB1100B96C28 /* Release */ = {
			isa = XCBuildConfiguration;
			buildSettings = {
				ALWAYS_EMBED_SWIFT_STANDARD_LIBRARIES = YES;
				CODE_SIGN_STYLE = Automatic;
				INFOPLIST_FILE = DemoProjectUITests/Info.plist;
				LD_RUNPATH_SEARCH_PATHS = (
					"$(inherited)",
					"@executable_path/Frameworks",
					"@loader_path/Frameworks",
				);
				PRODUCT_BUNDLE_IDENTIFIER = com.jihwan.DemoProjectUITests;
				PRODUCT_NAME = "$(TARGET_NAME)";
				SWIFT_VERSION = 5.0;
				TARGETED_DEVICE_FAMILY = "1,2";
				TEST_TARGET_NAME = DemoProject;
			};
			name = Release;
		};
/* End XCBuildConfiguration section */

/* Begin XCConfigurationList section */
		B9756914258EEB1000B96C28 /* Build configuration list for PBXProject "DemoProject" */ = {
			isa = XCConfigurationList;
			buildConfigurations = (
				B9756941258EEB1100B96C28 /* Debug */,
				B9756942258EEB1100B96C28 /* Release */,
			);
			defaultConfigurationIsVisible = 0;
			defaultConfigurationName = Release;
		};
		B9756943258EEB1100B96C28 /* Build configuration list for PBXNativeTarget "DemoProject" */ = {
			isa = XCConfigurationList;
			buildConfigurations = (
				B9756944258EEB1100B96C28 /* Debug */,
				B9756945258EEB1100B96C28 /* Release */,
			);
			defaultConfigurationIsVisible = 0;
			defaultConfigurationName = Release;
		};
		B9756946258EEB1100B96C28 /* Build configuration list for PBXNativeTarget "DemoProjectTests" */ = {
			isa = XCConfigurationList;
			buildConfigurations = (
				B9756947258EEB1100B96C28 /* Debug */,
				B9756948258EEB1100B96C28 /* Release */,
			);
			defaultConfigurationIsVisible = 0;
			defaultConfigurationName = Release;
		};
		B9756949258EEB1100B96C28 /* Build configuration list for PBXNativeTarget "DemoProjectUITests" */ = {
			isa = XCConfigurationList;
			buildConfigurations = (
				B975694A258EEB1100B96C28 /* Debug */,
				B975694B258EEB1100B96C28 /* Release */,
			);
			defaultConfigurationIsVisible = 0;
			defaultConfigurationName = Release;
		};
/* End XCConfigurationList section */
	};
	rootObject = B9756911258EEB1000B96C28 /* Project object */;
}
